
Microsoft Visual Studio Solution File, Format Version 12.00
# Visual Studio Version 16
VisualStudioVersion = 16.0.31729.503
MinimumVisualStudioVersion = 10.0.40219.1
Project("{2150E333-8FDC-42A3-9474-1A3956D46DE8}") = "src", "src", "{F8575D4A-8ADC-41C1-B252-FC090CDFEB55}"
EndProject
Project("{2150E333-8FDC-42A3-9474-1A3956D46DE8}") = "Sservices", "Sservices", "{954A3E82-2634-497A-9C5A-B6D7FB60BB3D}"
EndProject
Project("{2150E333-8FDC-42A3-9474-1A3956D46DE8}") = "web", "web", "{AEFF2DBB-6DD3-4CD5-9119-C15B1B880863}"
EndProject
Project("{2150E333-8FDC-42A3-9474-1A3956D46DE8}") = "Services", "Services", "{27AA2670-D273-41DF-952F-002D958CCEB4}"
EndProject
Project("{2150E333-8FDC-42A3-9474-1A3956D46DE8}") = "Building Blocks", "Building Blocks", "{2583EBF0-B102-4255-9372-B295BF1A7006}"
EndProject
Project("{2150E333-8FDC-42A3-9474-1A3956D46DE8}") = "Identidade", "Identidade", "{0BFB07DF-5B84-47C7-9178-4260229458F9}"
EndProject
Project("{9A19103F-16F7-4668-BE54-9A1E7A4F7556}") = "GRUPO.Identidade.API", "src\services\GRUPO.Identidade.API\GRUPO.Identidade.API.csproj", "{66CC9987-90CA-477C-83A9-7EB691CB0001}"
EndProject
Project("{2150E333-8FDC-42A3-9474-1A3956D46DE8}") = "MVC", "MVC", "{2B80B32A-1A66-4A6A-9915-35FF8E66C62C}"
EndProject
Project("{9A19103F-16F7-4668-BE54-9A1E7A4F7556}") = "GRUPO.WebApp.MVC", "src\web\GRUPO.WebApp.MVC\GRUPO.WebApp.MVC.csproj", "{A4CF5B71-C328-46C2-BC3C-D7AD6AEE50F9}"
EndProject
Project("{2150E333-8FDC-42A3-9474-1A3956D46DE8}") = "Core", "Core", "{8A8EFD1F-6C37-4589-8F24-3BA5FF0D6680}"
EndProject
Project("{9A19103F-16F7-4668-BE54-9A1E7A4F7556}") = "GRUPO.Core", "src\building blocks\GRUPO.Core\GRUPO.Core.csproj", "{65F97FE4-DE12-4123-920E-AE255DE993A1}"
EndProject
Project("{2150E333-8FDC-42A3-9474-1A3956D46DE8}") = "Carrinho", "Carrinho", "{D4415E4D-6085-4645-9557-AC80C4ACB6B6}"
EndProject
Project("{2150E333-8FDC-42A3-9474-1A3956D46DE8}") = "Catalogo", "Catalogo", "{CA5A8C75-733D-41CA-8CF1-C7CC0CAFEB03}"
EndProject
Project("{2150E333-8FDC-42A3-9474-1A3956D46DE8}") = "Cliente", "Cliente", "{2BD9C6CE-042B-4264-AC75-6FF136294B97}"
EndProject
Project("{2150E333-8FDC-42A3-9474-1A3956D46DE8}") = "Pagamento", "Pagamento", "{22524498-77E9-47B3-9567-F361DAA60869}"
EndProject
Project("{2150E333-8FDC-42A3-9474-1A3956D46DE8}") = "Pedido", "Pedido", "{F86610A6-3C32-4E4F-863C-C93F91B97593}"
EndProject
Project("{9A19103F-16F7-4668-BE54-9A1E7A4F7556}") = "GRUPO.Carrinho.API", "src\services\GRUPO.Carrinho.API\GRUPO.Carrinho.API.csproj", "{D1EC0CF8-55AB-4463-8054-156ECC176449}"
EndProject
Project("{9A19103F-16F7-4668-BE54-9A1E7A4F7556}") = "GRUPO.Catalogo.API", "src\services\GRUPO.Catalogo.API\GRUPO.Catalogo.API.csproj", "{CD07B75F-EC4C-48E0-88CE-2A339C41D91F}"
EndProject
Project("{9A19103F-16F7-4668-BE54-9A1E7A4F7556}") = "GRUPO.Cliente.API", "src\services\GRUPO.Cliente.API\GRUPO.Cliente.API.csproj", "{F07A5525-7590-4AF7-8002-C01BFB0E1BF2}"
EndProject
Project("{9A19103F-16F7-4668-BE54-9A1E7A4F7556}") = "GRUPO.Pagamento.API", "src\services\GRUPO.Pagamento.API\GRUPO.Pagamento.API.csproj", "{573E884B-8EE5-4BD8-ADB9-CCD93C2BA894}"
EndProject
Project("{9A19103F-16F7-4668-BE54-9A1E7A4F7556}") = "GRUPO.Pedido.API", "src\services\GRUPO.Pedido.API\GRUPO.Pedido.API.csproj", "{FF5A59C6-C95C-4EE2-AAD7-5895A57AF112}"
EndProject
Global
	GlobalSection(SolutionConfigurationPlatforms) = preSolution
		Debug|Any CPU = Debug|Any CPU
		Release|Any CPU = Release|Any CPU
	EndGlobalSection
	GlobalSection(ProjectConfigurationPlatforms) = postSolution
		{66CC9987-90CA-477C-83A9-7EB691CB0001}.Debug|Any CPU.ActiveCfg = Debug|Any CPU
		{66CC9987-90CA-477C-83A9-7EB691CB0001}.Debug|Any CPU.Build.0 = Debug|Any CPU
		{66CC9987-90CA-477C-83A9-7EB691CB0001}.Release|Any CPU.ActiveCfg = Release|Any CPU
		{66CC9987-90CA-477C-83A9-7EB691CB0001}.Release|Any CPU.Build.0 = Release|Any CPU
		{A4CF5B71-C328-46C2-BC3C-D7AD6AEE50F9}.Debug|Any CPU.ActiveCfg = Debug|Any CPU
		{A4CF5B71-C328-46C2-BC3C-D7AD6AEE50F9}.Debug|Any CPU.Build.0 = Debug|Any CPU
		{A4CF5B71-C328-46C2-BC3C-D7AD6AEE50F9}.Release|Any CPU.ActiveCfg = Release|Any CPU
		{A4CF5B71-C328-46C2-BC3C-D7AD6AEE50F9}.Release|Any CPU.Build.0 = Release|Any CPU
		{65F97FE4-DE12-4123-920E-AE255DE993A1}.Debug|Any CPU.ActiveCfg = Debug|Any CPU
		{65F97FE4-DE12-4123-920E-AE255DE993A1}.Debug|Any CPU.Build.0 = Debug|Any CPU
		{65F97FE4-DE12-4123-920E-AE255DE993A1}.Release|Any CPU.ActiveCfg = Release|Any CPU
		{65F97FE4-DE12-4123-920E-AE255DE993A1}.Release|Any CPU.Build.0 = Release|Any CPU
		{D1EC0CF8-55AB-4463-8054-156ECC176449}.Debug|Any CPU.ActiveCfg = Debug|Any CPU
		{D1EC0CF8-55AB-4463-8054-156ECC176449}.Debug|Any CPU.Build.0 = Debug|Any CPU
		{D1EC0CF8-55AB-4463-8054-156ECC176449}.Release|Any CPU.ActiveCfg = Release|Any CPU
		{D1EC0CF8-55AB-4463-8054-156ECC176449}.Release|Any CPU.Build.0 = Release|Any CPU
		{CD07B75F-EC4C-48E0-88CE-2A339C41D91F}.Debug|Any CPU.ActiveCfg = Debug|Any CPU
		{CD07B75F-EC4C-48E0-88CE-2A339C41D91F}.Debug|Any CPU.Build.0 = Debug|Any CPU
		{CD07B75F-EC4C-48E0-88CE-2A339C41D91F}.Release|Any CPU.ActiveCfg = Release|Any CPU
		{CD07B75F-EC4C-48E0-88CE-2A339C41D91F}.Release|Any CPU.Build.0 = Release|Any CPU
		{F07A5525-7590-4AF7-8002-C01BFB0E1BF2}.Debug|Any CPU.ActiveCfg = Debug|Any CPU
		{F07A5525-7590-4AF7-8002-C01BFB0E1BF2}.Debug|Any CPU.Build.0 = Debug|Any CPU
		{F07A5525-7590-4AF7-8002-C01BFB0E1BF2}.Release|Any CPU.ActiveCfg = Release|Any CPU
		{F07A5525-7590-4AF7-8002-C01BFB0E1BF2}.Release|Any CPU.Build.0 = Release|Any CPU
		{573E884B-8EE5-4BD8-ADB9-CCD93C2BA894}.Debug|Any CPU.ActiveCfg = Debug|Any CPU
		{573E884B-8EE5-4BD8-ADB9-CCD93C2BA894}.Debug|Any CPU.Build.0 = Debug|Any CPU
		{573E884B-8EE5-4BD8-ADB9-CCD93C2BA894}.Release|Any CPU.ActiveCfg = Release|Any CPU
		{573E884B-8EE5-4BD8-ADB9-CCD93C2BA894}.Release|Any CPU.Build.0 = Release|Any CPU
		{FF5A59C6-C95C-4EE2-AAD7-5895A57AF112}.Debug|Any CPU.ActiveCfg = Debug|Any CPU
		{FF5A59C6-C95C-4EE2-AAD7-5895A57AF112}.Debug|Any CPU.Build.0 = Debug|Any CPU
		{FF5A59C6-C95C-4EE2-AAD7-5895A57AF112}.Release|Any CPU.ActiveCfg = Release|Any CPU
		{FF5A59C6-C95C-4EE2-AAD7-5895A57AF112}.Release|Any CPU.Build.0 = Release|Any CPU
	EndGlobalSection
	GlobalSection(SolutionProperties) = preSolution
		HideSolutionNode = FALSE
	EndGlobalSection
	GlobalSection(NestedProjects) = preSolution
		{954A3E82-2634-497A-9C5A-B6D7FB60BB3D} = {F8575D4A-8ADC-41C1-B252-FC090CDFEB55}
		{AEFF2DBB-6DD3-4CD5-9119-C15B1B880863} = {F8575D4A-8ADC-41C1-B252-FC090CDFEB55}
		{27AA2670-D273-41DF-952F-002D958CCEB4} = {F8575D4A-8ADC-41C1-B252-FC090CDFEB55}
		{2583EBF0-B102-4255-9372-B295BF1A7006} = {F8575D4A-8ADC-41C1-B252-FC090CDFEB55}
		{0BFB07DF-5B84-47C7-9178-4260229458F9} = {27AA2670-D273-41DF-952F-002D958CCEB4}
		{66CC9987-90CA-477C-83A9-7EB691CB0001} = {0BFB07DF-5B84-47C7-9178-4260229458F9}
		{2B80B32A-1A66-4A6A-9915-35FF8E66C62C} = {AEFF2DBB-6DD3-4CD5-9119-C15B1B880863}
		{A4CF5B71-C328-46C2-BC3C-D7AD6AEE50F9} = {2B80B32A-1A66-4A6A-9915-35FF8E66C62C}
		{8A8EFD1F-6C37-4589-8F24-3BA5FF0D6680} = {2583EBF0-B102-4255-9372-B295BF1A7006}
		{65F97FE4-DE12-4123-920E-AE255DE993A1} = {8A8EFD1F-6C37-4589-8F24-3BA5FF0D6680}
		{D4415E4D-6085-4645-9557-AC80C4ACB6B6} = {27AA2670-D273-41DF-952F-002D958CCEB4}
		{CA5A8C75-733D-41CA-8CF1-C7CC0CAFEB03} = {27AA2670-D273-41DF-952F-002D958CCEB4}
		{2BD9C6CE-042B-4264-AC75-6FF136294B97} = {27AA2670-D273-41DF-952F-002D958CCEB4}
		{22524498-77E9-47B3-9567-F361DAA60869} = {27AA2670-D273-41DF-952F-002D958CCEB4}
		{F86610A6-3C32-4E4F-863C-C93F91B97593} = {27AA2670-D273-41DF-952F-002D958CCEB4}
		{D1EC0CF8-55AB-4463-8054-156ECC176449} = {D4415E4D-6085-4645-9557-AC80C4ACB6B6}
		{CD07B75F-EC4C-48E0-88CE-2A339C41D91F} = {CA5A8C75-733D-41CA-8CF1-C7CC0CAFEB03}
		{F07A5525-7590-4AF7-8002-C01BFB0E1BF2} = {2BD9C6CE-042B-4264-AC75-6FF136294B97}
		{573E884B-8EE5-4BD8-ADB9-CCD93C2BA894} = {22524498-77E9-47B3-9567-F361DAA60869}
		{FF5A59C6-C95C-4EE2-AAD7-5895A57AF112} = {F86610A6-3C32-4E4F-863C-C93F91B97593}
	EndGlobalSection
	GlobalSection(ExtensibilityGlobals) = postSolution
		SolutionGuid = {45EC0ECA-E353-4108-ADF0-40508EAEFEB4}
	EndGlobalSection
EndGlobal
